// !$*UTF8*$!
{
	archiveVersion = 1;
	classes = {
	};
	objectVersion = 46;
	objects = {

/* Begin PBXBuildFile section */
		2C11C70B1E54EC8F00BAC57F /* token.json in Resources */ = {isa = PBXBuildFile; fileRef = 2C11C70A1E54EC8E00BAC57F /* token.json */; };
		2C5A54E81E411E1700C844C4 /* ConnectMusics.framework in Frameworks */ = {isa = PBXBuildFile; fileRef = 2C5A54DE1E411E1700C844C4 /* ConnectMusics.framework */; };
		2C5A54ED1E411E1700C844C4 /* ConnectMusicsTests.swift in Sources */ = {isa = PBXBuildFile; fileRef = 2C5A54EC1E411E1700C844C4 /* ConnectMusicsTests.swift */; };
		2C5A54EF1E411E1700C844C4 /* ConnectMusics.h in Headers */ = {isa = PBXBuildFile; fileRef = 2C5A54E11E411E1700C844C4 /* ConnectMusics.h */; settings = {ATTRIBUTES = (Public, ); }; };
		2C5A54F91E411EA600C844C4 /* ConnectMusics.swift in Sources */ = {isa = PBXBuildFile; fileRef = 2C5A54F81E411EA600C844C4 /* ConnectMusics.swift */; };
		2C5A54FD1E41204B00C844C4 /* ProviderType.swift in Sources */ = {isa = PBXBuildFile; fileRef = 2C5A54FC1E41204B00C844C4 /* ProviderType.swift */; };
		2C5A54FF1E41226F00C844C4 /* CMSharedProviders.swift in Sources */ = {isa = PBXBuildFile; fileRef = 2C5A54FE1E41226E00C844C4 /* CMSharedProviders.swift */; };
		2C5A55011E41244700C844C4 /* CMBaseProvider.swift in Sources */ = {isa = PBXBuildFile; fileRef = 2C5A55001E41244700C844C4 /* CMBaseProvider.swift */; };
		2C5AD8D21E54FEEE00B032A5 /* ConnectMusicsSpotifyTests.swift in Sources */ = {isa = PBXBuildFile; fileRef = 7427C77B1E53E710001171B3 /* ConnectMusicsSpotifyTests.swift */; };
		2C5AD8D41E54FF0A00B032A5 /* token.json in Resources */ = {isa = PBXBuildFile; fileRef = 2C11C70A1E54EC8E00BAC57F /* token.json */; };
		2CD4C5F21E464B02009F4376 /* CMPlaylist.swift in Sources */ = {isa = PBXBuildFile; fileRef = 2CD4C5F11E464B02009F4376 /* CMPlaylist.swift */; };
		2CD4C5F61E4654C4009F4376 /* CMAppleMusicProviderManager.swift in Sources */ = {isa = PBXBuildFile; fileRef = 2CD4C5F51E4654C4009F4376 /* CMAppleMusicProviderManager.swift */; };
		2CD4C5F81E4655D1009F4376 /* CMAppleMusicProviderNetwork.swift in Sources */ = {isa = PBXBuildFile; fileRef = 2CD4C5F71E4655D1009F4376 /* CMAppleMusicProviderNetwork.swift */; };
		6E2731C68FA2148B2EE6914B /* Pods_ConnectMusicsTests.framework in Frameworks */ = {isa = PBXBuildFile; fileRef = 3EC3D3B2B8E62D7822C45AB3 /* Pods_ConnectMusicsTests.framework */; };
		74179C981E4FDEF20037F924 /* CMSpotifyProviderNetwork.swift in Sources */ = {isa = PBXBuildFile; fileRef = 74179C971E4FDEF20037F924 /* CMSpotifyProviderNetwork.swift */; };
		74179C9A1E4FF6080037F924 /* CMSpotifyProviderManager.swift in Sources */ = {isa = PBXBuildFile; fileRef = 74179C991E4FF6080037F924 /* CMSpotifyProviderManager.swift */; };
		74179C9C1E5102FD0037F924 /* CMSpotifyPlaylist.swift in Sources */ = {isa = PBXBuildFile; fileRef = 74179C9B1E5102FD0037F924 /* CMSpotifyPlaylist.swift */; };
		74179C9E1E51113B0037F924 /* CMSpotifyTrack.swift in Sources */ = {isa = PBXBuildFile; fileRef = 74179C9D1E51113B0037F924 /* CMSpotifyTrack.swift */; };
		B3FAC5714D4E5722EB78693F /* Pods_ConnectMusics.framework in Frameworks */ = {isa = PBXBuildFile; fileRef = 90293FD7553E47323769D650 /* Pods_ConnectMusics.framework */; };
/* End PBXBuildFile section */

/* Begin PBXContainerItemProxy section */
		2C5A54E91E411E1700C844C4 /* PBXContainerItemProxy */ = {
			isa = PBXContainerItemProxy;
			containerPortal = 2C5A54D51E411E1600C844C4 /* Project object */;
			proxyType = 1;
			remoteGlobalIDString = 2C5A54DD1E411E1700C844C4;
			remoteInfo = ConnectMusics;
		};
/* End PBXContainerItemProxy section */

/* Begin PBXFileReference section */
		2C11C70A1E54EC8E00BAC57F /* token.json */ = {isa = PBXFileReference; fileEncoding = 4; lastKnownFileType = text.json; path = token.json; sourceTree = "<group>"; };
		2C5A54DE1E411E1700C844C4 /* ConnectMusics.framework */ = {isa = PBXFileReference; explicitFileType = wrapper.framework; includeInIndex = 0; path = ConnectMusics.framework; sourceTree = BUILT_PRODUCTS_DIR; };
		2C5A54E11E411E1700C844C4 /* ConnectMusics.h */ = {isa = PBXFileReference; lastKnownFileType = sourcecode.c.h; path = ConnectMusics.h; sourceTree = "<group>"; };
		2C5A54E21E411E1700C844C4 /* Info.plist */ = {isa = PBXFileReference; lastKnownFileType = text.plist.xml; path = Info.plist; sourceTree = "<group>"; };
		2C5A54E71E411E1700C844C4 /* ConnectMusicsTests.xctest */ = {isa = PBXFileReference; explicitFileType = wrapper.cfbundle; includeInIndex = 0; path = ConnectMusicsTests.xctest; sourceTree = BUILT_PRODUCTS_DIR; };
		2C5A54EC1E411E1700C844C4 /* ConnectMusicsTests.swift */ = {isa = PBXFileReference; lastKnownFileType = sourcecode.swift; path = ConnectMusicsTests.swift; sourceTree = "<group>"; };
		2C5A54EE1E411E1700C844C4 /* Info.plist */ = {isa = PBXFileReference; lastKnownFileType = text.plist.xml; path = Info.plist; sourceTree = "<group>"; };
		2C5A54F81E411EA600C844C4 /* ConnectMusics.swift */ = {isa = PBXFileReference; fileEncoding = 4; lastKnownFileType = sourcecode.swift; path = ConnectMusics.swift; sourceTree = "<group>"; };
		2C5A54FC1E41204B00C844C4 /* ProviderType.swift */ = {isa = PBXFileReference; fileEncoding = 4; lastKnownFileType = sourcecode.swift; path = ProviderType.swift; sourceTree = "<group>"; };
		2C5A54FE1E41226E00C844C4 /* CMSharedProviders.swift */ = {isa = PBXFileReference; fileEncoding = 4; lastKnownFileType = sourcecode.swift; path = CMSharedProviders.swift; sourceTree = "<group>"; };
		2C5A55001E41244700C844C4 /* CMBaseProvider.swift */ = {isa = PBXFileReference; fileEncoding = 4; lastKnownFileType = sourcecode.swift; path = CMBaseProvider.swift; sourceTree = "<group>"; };
		2CD4C5F11E464B02009F4376 /* CMPlaylist.swift */ = {isa = PBXFileReference; fileEncoding = 4; lastKnownFileType = sourcecode.swift; path = CMPlaylist.swift; sourceTree = "<group>"; };
		2CD4C5F51E4654C4009F4376 /* CMAppleMusicProviderManager.swift */ = {isa = PBXFileReference; fileEncoding = 4; lastKnownFileType = sourcecode.swift; path = CMAppleMusicProviderManager.swift; sourceTree = "<group>"; };
		2CD4C5F71E4655D1009F4376 /* CMAppleMusicProviderNetwork.swift */ = {isa = PBXFileReference; fileEncoding = 4; lastKnownFileType = sourcecode.swift; path = CMAppleMusicProviderNetwork.swift; sourceTree = "<group>"; };
		3EC3D3B2B8E62D7822C45AB3 /* Pods_ConnectMusicsTests.framework */ = {isa = PBXFileReference; explicitFileType = wrapper.framework; includeInIndex = 0; path = Pods_ConnectMusicsTests.framework; sourceTree = BUILT_PRODUCTS_DIR; };
		6B4D586313487274503111B3 /* Pods-ConnectMusics.debug.xcconfig */ = {isa = PBXFileReference; includeInIndex = 1; lastKnownFileType = text.xcconfig; name = "Pods-ConnectMusics.debug.xcconfig"; path = "Pods/Target Support Files/Pods-ConnectMusics/Pods-ConnectMusics.debug.xcconfig"; sourceTree = "<group>"; };
		74179C971E4FDEF20037F924 /* CMSpotifyProviderNetwork.swift */ = {isa = PBXFileReference; fileEncoding = 4; lastKnownFileType = sourcecode.swift; path = CMSpotifyProviderNetwork.swift; sourceTree = "<group>"; };
		74179C991E4FF6080037F924 /* CMSpotifyProviderManager.swift */ = {isa = PBXFileReference; fileEncoding = 4; lastKnownFileType = sourcecode.swift; path = CMSpotifyProviderManager.swift; sourceTree = "<group>"; };
		74179C9B1E5102FD0037F924 /* CMSpotifyPlaylist.swift */ = {isa = PBXFileReference; fileEncoding = 4; lastKnownFileType = sourcecode.swift; path = CMSpotifyPlaylist.swift; sourceTree = "<group>"; };
		74179C9D1E51113B0037F924 /* CMSpotifyTrack.swift */ = {isa = PBXFileReference; fileEncoding = 4; lastKnownFileType = sourcecode.swift; path = CMSpotifyTrack.swift; sourceTree = "<group>"; };
		7427C77B1E53E710001171B3 /* ConnectMusicsSpotifyTests.swift */ = {isa = PBXFileReference; fileEncoding = 4; lastKnownFileType = sourcecode.swift; path = ConnectMusicsSpotifyTests.swift; sourceTree = "<group>"; };
		90293FD7553E47323769D650 /* Pods_ConnectMusics.framework */ = {isa = PBXFileReference; explicitFileType = wrapper.framework; includeInIndex = 0; path = Pods_ConnectMusics.framework; sourceTree = BUILT_PRODUCTS_DIR; };
		A50584BF884F6B11A9A502AA /* Pods-ConnectMusicsTests.debug.xcconfig */ = {isa = PBXFileReference; includeInIndex = 1; lastKnownFileType = text.xcconfig; name = "Pods-ConnectMusicsTests.debug.xcconfig"; path = "Pods/Target Support Files/Pods-ConnectMusicsTests/Pods-ConnectMusicsTests.debug.xcconfig"; sourceTree = "<group>"; };
		B76AD8215ABFBEDB4CE65971 /* Pods-ConnectMusicsTests.release.xcconfig */ = {isa = PBXFileReference; includeInIndex = 1; lastKnownFileType = text.xcconfig; name = "Pods-ConnectMusicsTests.release.xcconfig"; path = "Pods/Target Support Files/Pods-ConnectMusicsTests/Pods-ConnectMusicsTests.release.xcconfig"; sourceTree = "<group>"; };
		DC9C1B5899F0013949C9D4F4 /* Pods-ConnectMusics.release.xcconfig */ = {isa = PBXFileReference; includeInIndex = 1; lastKnownFileType = text.xcconfig; name = "Pods-ConnectMusics.release.xcconfig"; path = "Pods/Target Support Files/Pods-ConnectMusics/Pods-ConnectMusics.release.xcconfig"; sourceTree = "<group>"; };
/* End PBXFileReference section */

/* Begin PBXFrameworksBuildPhase section */
		2C5A54DA1E411E1700C844C4 /* Frameworks */ = {
			isa = PBXFrameworksBuildPhase;
			buildActionMask = 2147483647;
			files = (
				B3FAC5714D4E5722EB78693F /* Pods_ConnectMusics.framework in Frameworks */,
			);
			runOnlyForDeploymentPostprocessing = 0;
		};
		2C5A54E41E411E1700C844C4 /* Frameworks */ = {
			isa = PBXFrameworksBuildPhase;
			buildActionMask = 2147483647;
			files = (
				2C5A54E81E411E1700C844C4 /* ConnectMusics.framework in Frameworks */,
				6E2731C68FA2148B2EE6914B /* Pods_ConnectMusicsTests.framework in Frameworks */,
			);
			runOnlyForDeploymentPostprocessing = 0;
		};
/* End PBXFrameworksBuildPhase section */

/* Begin PBXGroup section */
		2C5A54D41E411E1600C844C4 = {
			isa = PBXGroup;
			children = (
				2C5A54E01E411E1700C844C4 /* ConnectMusics */,
				2C5A54EB1E411E1700C844C4 /* ConnectMusicsTests */,
				2C5A54DF1E411E1700C844C4 /* Products */,
				3D0DFED39E9A2D5970617C39 /* Pods */,
				38E5C11B9AD8CBA84291BBF3 /* Frameworks */,
			);
			sourceTree = "<group>";
		};
		2C5A54DF1E411E1700C844C4 /* Products */ = {
			isa = PBXGroup;
			children = (
				2C5A54DE1E411E1700C844C4 /* ConnectMusics.framework */,
				2C5A54E71E411E1700C844C4 /* ConnectMusicsTests.xctest */,
			);
			name = Products;
			sourceTree = "<group>";
		};
		2C5A54E01E411E1700C844C4 /* ConnectMusics */ = {
			isa = PBXGroup;
			children = (
				2CD4C5F41E465482009F4376 /* network */,
				2CD4C5F31E46547A009F4376 /* manager */,
				2C5A54FA1E41201100C844C4 /* models */,
				2C5A54E11E411E1700C844C4 /* ConnectMusics.h */,
				2C5A54E21E411E1700C844C4 /* Info.plist */,
				2C5A54F81E411EA600C844C4 /* ConnectMusics.swift */,
				2C5A54FE1E41226E00C844C4 /* CMSharedProviders.swift */,
			);
			path = ConnectMusics;
			sourceTree = "<group>";
		};
		2C5A54EB1E411E1700C844C4 /* ConnectMusicsTests */ = {
			isa = PBXGroup;
			children = (
				2C11C70A1E54EC8E00BAC57F /* token.json */,
				2C5A54EC1E411E1700C844C4 /* ConnectMusicsTests.swift */,
				2C5A54EE1E411E1700C844C4 /* Info.plist */,
				7427C77B1E53E710001171B3 /* ConnectMusicsSpotifyTests.swift */,
			);
			path = ConnectMusicsTests;
			sourceTree = "<group>";
		};
		2C5A54FA1E41201100C844C4 /* models */ = {
			isa = PBXGroup;
			children = (
				2CD4C5F01E464AE8009F4376 /* object */,
				2C5A55021E41325200C844C4 /* protocol */,
				2C5A54FB1E41201B00C844C4 /* enum */,
			);
			name = models;
			sourceTree = "<group>";
		};
		2C5A54FB1E41201B00C844C4 /* enum */ = {
			isa = PBXGroup;
			children = (
				2C5A54FC1E41204B00C844C4 /* ProviderType.swift */,
			);
			name = enum;
			sourceTree = "<group>";
		};
		2C5A55021E41325200C844C4 /* protocol */ = {
			isa = PBXGroup;
			children = (
				2C5A55001E41244700C844C4 /* CMBaseProvider.swift */,
			);
			name = protocol;
			sourceTree = "<group>";
		};
		2CD4C5F01E464AE8009F4376 /* object */ = {
			isa = PBXGroup;
			children = (
				2CD4C5F11E464B02009F4376 /* CMPlaylist.swift */,
				74179C9B1E5102FD0037F924 /* CMSpotifyPlaylist.swift */,
				74179C9D1E51113B0037F924 /* CMSpotifyTrack.swift */,
			);
			name = object;
			sourceTree = "<group>";
		};
		2CD4C5F31E46547A009F4376 /* manager */ = {
			isa = PBXGroup;
			children = (
				2CD4C5F51E4654C4009F4376 /* CMAppleMusicProviderManager.swift */,
				74179C991E4FF6080037F924 /* CMSpotifyProviderManager.swift */,
			);
			name = manager;
			sourceTree = "<group>";
		};
		2CD4C5F41E465482009F4376 /* network */ = {
			isa = PBXGroup;
			children = (
				2CD4C5F71E4655D1009F4376 /* CMAppleMusicProviderNetwork.swift */,
				74179C971E4FDEF20037F924 /* CMSpotifyProviderNetwork.swift */,
			);
			name = network;
			sourceTree = "<group>";
		};
		38E5C11B9AD8CBA84291BBF3 /* Frameworks */ = {
			isa = PBXGroup;
			children = (
				90293FD7553E47323769D650 /* Pods_ConnectMusics.framework */,
				3EC3D3B2B8E62D7822C45AB3 /* Pods_ConnectMusicsTests.framework */,
			);
			name = Frameworks;
			sourceTree = "<group>";
		};
		3D0DFED39E9A2D5970617C39 /* Pods */ = {
			isa = PBXGroup;
			children = (
				6B4D586313487274503111B3 /* Pods-ConnectMusics.debug.xcconfig */,
				DC9C1B5899F0013949C9D4F4 /* Pods-ConnectMusics.release.xcconfig */,
				A50584BF884F6B11A9A502AA /* Pods-ConnectMusicsTests.debug.xcconfig */,
				B76AD8215ABFBEDB4CE65971 /* Pods-ConnectMusicsTests.release.xcconfig */,
			);
			name = Pods;
			sourceTree = "<group>";
		};
/* End PBXGroup section */

/* Begin PBXHeadersBuildPhase section */
		2C5A54DB1E411E1700C844C4 /* Headers */ = {
			isa = PBXHeadersBuildPhase;
			buildActionMask = 2147483647;
			files = (
				2C5A54EF1E411E1700C844C4 /* ConnectMusics.h in Headers */,
			);
			runOnlyForDeploymentPostprocessing = 0;
		};
/* End PBXHeadersBuildPhase section */

/* Begin PBXNativeTarget section */
		2C5A54DD1E411E1700C844C4 /* ConnectMusics */ = {
			isa = PBXNativeTarget;
			buildConfigurationList = 2C5A54F21E411E1700C844C4 /* Build configuration list for PBXNativeTarget "ConnectMusics" */;
			buildPhases = (
				793F96E96F9B276420FD07E7 /* [CP] Check Pods Manifest.lock */,
				2C5A54D91E411E1700C844C4 /* Sources */,
				2C5A54DA1E411E1700C844C4 /* Frameworks */,
				2C5A54DB1E411E1700C844C4 /* Headers */,
				2C5A54DC1E411E1700C844C4 /* Resources */,
				3D756C20B2E3EA62E0479331 /* [CP] Copy Pods Resources */,
			);
			buildRules = (
			);
			dependencies = (
			);
			name = ConnectMusics;
			productName = ConnectMusics;
			productReference = 2C5A54DE1E411E1700C844C4 /* ConnectMusics.framework */;
			productType = "com.apple.product-type.framework";
		};
		2C5A54E61E411E1700C844C4 /* ConnectMusicsTests */ = {
			isa = PBXNativeTarget;
			buildConfigurationList = 2C5A54F51E411E1700C844C4 /* Build configuration list for PBXNativeTarget "ConnectMusicsTests" */;
			buildPhases = (
				63AC7D00548F817475BF4FB3 /* [CP] Check Pods Manifest.lock */,
				2C5A54E31E411E1700C844C4 /* Sources */,
				2C5A54E41E411E1700C844C4 /* Frameworks */,
				2C5A54E51E411E1700C844C4 /* Resources */,
				FD6E0AEA5E5D74C2EA7F6505 /* [CP] Embed Pods Frameworks */,
				66763E550CF202C6925DF2F1 /* [CP] Copy Pods Resources */,
			);
			buildRules = (
			);
			dependencies = (
				2C5A54EA1E411E1700C844C4 /* PBXTargetDependency */,
			);
			name = ConnectMusicsTests;
			productName = ConnectMusicsTests;
			productReference = 2C5A54E71E411E1700C844C4 /* ConnectMusicsTests.xctest */;
			productType = "com.apple.product-type.bundle.unit-test";
		};
/* End PBXNativeTarget section */

/* Begin PBXProject section */
		2C5A54D51E411E1600C844C4 /* Project object */ = {
			isa = PBXProject;
			attributes = {
				LastSwiftUpdateCheck = 0820;
				LastUpgradeCheck = 0820;
				ORGANIZATIONNAME = com.github.shemana.application;
				TargetAttributes = {
					2C5A54DD1E411E1700C844C4 = {
						CreatedOnToolsVersion = 8.2.1;
						DevelopmentTeam = D4GMNKX6R5;
						LastSwiftMigration = 0820;
						ProvisioningStyle = Automatic;
					};
					2C5A54E61E411E1700C844C4 = {
						CreatedOnToolsVersion = 8.2.1;
						DevelopmentTeam = D4GMNKX6R5;
						ProvisioningStyle = Automatic;
					};
				};
			};
			buildConfigurationList = 2C5A54D81E411E1600C844C4 /* Build configuration list for PBXProject "ConnectMusics" */;
			compatibilityVersion = "Xcode 3.2";
			developmentRegion = English;
			hasScannedForEncodings = 0;
			knownRegions = (
				en,
			);
			mainGroup = 2C5A54D41E411E1600C844C4;
			productRefGroup = 2C5A54DF1E411E1700C844C4 /* Products */;
			projectDirPath = "";
			projectRoot = "";
			targets = (
				2C5A54DD1E411E1700C844C4 /* ConnectMusics */,
				2C5A54E61E411E1700C844C4 /* ConnectMusicsTests */,
			);
		};
/* End PBXProject section */

/* Begin PBXResourcesBuildPhase section */
		2C5A54DC1E411E1700C844C4 /* Resources */ = {
			isa = PBXResourcesBuildPhase;
			buildActionMask = 2147483647;
			files = (
				2C5AD8D41E54FF0A00B032A5 /* token.json in Resources */,
			);
			runOnlyForDeploymentPostprocessing = 0;
		};
		2C5A54E51E411E1700C844C4 /* Resources */ = {
			isa = PBXResourcesBuildPhase;
			buildActionMask = 2147483647;
			files = (
				2C11C70B1E54EC8F00BAC57F /* token.json in Resources */,
			);
			runOnlyForDeploymentPostprocessing = 0;
		};
/* End PBXResourcesBuildPhase section */

/* Begin PBXShellScriptBuildPhase section */
		3D756C20B2E3EA62E0479331 /* [CP] Copy Pods Resources */ = {
			isa = PBXShellScriptBuildPhase;
			buildActionMask = 2147483647;
			files = (
			);
			inputPaths = (
			);
			name = "[CP] Copy Pods Resources";
			outputPaths = (
			);
			runOnlyForDeploymentPostprocessing = 0;
			shellPath = /bin/sh;
			shellScript = "\"${SRCROOT}/Pods/Target Support Files/Pods-ConnectMusics/Pods-ConnectMusics-resources.sh\"\n";
			showEnvVarsInLog = 0;
		};
		63AC7D00548F817475BF4FB3 /* [CP] Check Pods Manifest.lock */ = {
			isa = PBXShellScriptBuildPhase;
			buildActionMask = 2147483647;
			files = (
			);
			inputPaths = (
			);
			name = "[CP] Check Pods Manifest.lock";
			outputPaths = (
			);
			runOnlyForDeploymentPostprocessing = 0;
			shellPath = /bin/sh;
			shellScript = "diff \"${PODS_ROOT}/../Podfile.lock\" \"${PODS_ROOT}/Manifest.lock\" > /dev/null\nif [ $? != 0 ] ; then\n    # print error to STDERR\n    echo \"error: The sandbox is not in sync with the Podfile.lock. Run 'pod install' or update your CocoaPods installation.\" >&2\n    exit 1\nfi\n";
			showEnvVarsInLog = 0;
		};
		66763E550CF202C6925DF2F1 /* [CP] Copy Pods Resources */ = {
			isa = PBXShellScriptBuildPhase;
			buildActionMask = 2147483647;
			files = (
			);
			inputPaths = (
			);
			name = "[CP] Copy Pods Resources";
			outputPaths = (
			);
			runOnlyForDeploymentPostprocessing = 0;
			shellPath = /bin/sh;
			shellScript = "\"${SRCROOT}/Pods/Target Support Files/Pods-ConnectMusicsTests/Pods-ConnectMusicsTests-resources.sh\"\n";
			showEnvVarsInLog = 0;
		};
		793F96E96F9B276420FD07E7 /* [CP] Check Pods Manifest.lock */ = {
			isa = PBXShellScriptBuildPhase;
			buildActionMask = 2147483647;
			files = (
			);
			inputPaths = (
			);
			name = "[CP] Check Pods Manifest.lock";
			outputPaths = (
			);
			runOnlyForDeploymentPostprocessing = 0;
			shellPath = /bin/sh;
			shellScript = "diff \"${PODS_ROOT}/../Podfile.lock\" \"${PODS_ROOT}/Manifest.lock\" > /dev/null\nif [ $? != 0 ] ; then\n    # print error to STDERR\n    echo \"error: The sandbox is not in sync with the Podfile.lock. Run 'pod install' or update your CocoaPods installation.\" >&2\n    exit 1\nfi\n";
			showEnvVarsInLog = 0;
		};
		FD6E0AEA5E5D74C2EA7F6505 /* [CP] Embed Pods Frameworks */ = {
			isa = PBXShellScriptBuildPhase;
			buildActionMask = 2147483647;
			files = (
			);
			inputPaths = (
			);
			name = "[CP] Embed Pods Frameworks";
			outputPaths = (
			);
			runOnlyForDeploymentPostprocessing = 0;
			shellPath = /bin/sh;
			shellScript = "\"${SRCROOT}/Pods/Target Support Files/Pods-ConnectMusicsTests/Pods-ConnectMusicsTests-frameworks.sh\"\n";
			showEnvVarsInLog = 0;
		};
/* End PBXShellScriptBuildPhase section */

/* Begin PBXSourcesBuildPhase section */
		2C5A54D91E411E1700C844C4 /* Sources */ = {
			isa = PBXSourcesBuildPhase;
			buildActionMask = 2147483647;
			files = (
				74179C9E1E51113B0037F924 /* CMSpotifyTrack.swift in Sources */,
				2C5A54FD1E41204B00C844C4 /* ProviderType.swift in Sources */,
				2CD4C5F61E4654C4009F4376 /* CMAppleMusicProviderManager.swift in Sources */,
				2C5A54F91E411EA600C844C4 /* ConnectMusics.swift in Sources */,
				2C5A54FF1E41226F00C844C4 /* CMSharedProviders.swift in Sources */,
				74179C981E4FDEF20037F924 /* CMSpotifyProviderNetwork.swift in Sources */,
				74179C9A1E4FF6080037F924 /* CMSpotifyProviderManager.swift in Sources */,
				74179C9C1E5102FD0037F924 /* CMSpotifyPlaylist.swift in Sources */,
				2C5A55011E41244700C844C4 /* CMBaseProvider.swift in Sources */,
				2CD4C5F81E4655D1009F4376 /* CMAppleMusicProviderNetwork.swift in Sources */,
				2CD4C5F21E464B02009F4376 /* CMPlaylist.swift in Sources */,
			);
			runOnlyForDeploymentPostprocessing = 0;
		};
		2C5A54E31E411E1700C844C4 /* Sources */ = {
			isa = PBXSourcesBuildPhase;
			buildActionMask = 2147483647;
			files = (
				2C5A54ED1E411E1700C844C4 /* ConnectMusicsTests.swift in Sources */,
				2C5AD8D21E54FEEE00B032A5 /* ConnectMusicsSpotifyTests.swift in Sources */,
			);
			runOnlyForDeploymentPostprocessing = 0;
		};
/* End PBXSourcesBuildPhase section */

/* Begin PBXTargetDependency section */
		2C5A54EA1E411E1700C844C4 /* PBXTargetDependency */ = {
			isa = PBXTargetDependency;
			target = 2C5A54DD1E411E1700C844C4 /* ConnectMusics */;
			targetProxy = 2C5A54E91E411E1700C844C4 /* PBXContainerItemProxy */;
		};
/* End PBXTargetDependency section */

/* Begin XCBuildConfiguration section */
		2C5A54F01E411E1700C844C4 /* Debug */ = {
			isa = XCBuildConfiguration;
			buildSettings = {
				ALWAYS_SEARCH_USER_PATHS = NO;
				CLANG_ANALYZER_NONNULL = YES;
				CLANG_CXX_LANGUAGE_STANDARD = "gnu++0x";
				CLANG_CXX_LIBRARY = "libc++";
				CLANG_ENABLE_MODULES = YES;
				CLANG_ENABLE_OBJC_ARC = YES;
				CLANG_WARN_BOOL_CONVERSION = YES;
				CLANG_WARN_CONSTANT_CONVERSION = YES;
				CLANG_WARN_DIRECT_OBJC_ISA_USAGE = YES_ERROR;
				CLANG_WARN_DOCUMENTATION_COMMENTS = YES;
				CLANG_WARN_EMPTY_BODY = YES;
				CLANG_WARN_ENUM_CONVERSION = YES;
				CLANG_WARN_INFINITE_RECURSION = YES;
				CLANG_WARN_INT_CONVERSION = YES;
				CLANG_WARN_OBJC_ROOT_CLASS = YES_ERROR;
				CLANG_WARN_SUSPICIOUS_MOVE = YES;
				CLANG_WARN_UNREACHABLE_CODE = YES;
				CLANG_WARN__DUPLICATE_METHOD_MATCH = YES;
				"CODE_SIGN_IDENTITY[sdk=iphoneos*]" = "iPhone Developer";
				COPY_PHASE_STRIP = NO;
				CURRENT_PROJECT_VERSION = 1;
				DEBUG_INFORMATION_FORMAT = dwarf;
				ENABLE_STRICT_OBJC_MSGSEND = YES;
				ENABLE_TESTABILITY = YES;
				GCC_C_LANGUAGE_STANDARD = gnu99;
				GCC_DYNAMIC_NO_PIC = NO;
				GCC_NO_COMMON_BLOCKS = YES;
				GCC_OPTIMIZATION_LEVEL = 0;
				GCC_PREPROCESSOR_DEFINITIONS = (
					"DEBUG=1",
					"$(inherited)",
				);
				GCC_WARN_64_TO_32_BIT_CONVERSION = YES;
				GCC_WARN_ABOUT_RETURN_TYPE = YES_ERROR;
				GCC_WARN_UNDECLARED_SELECTOR = YES;
				GCC_WARN_UNINITIALIZED_AUTOS = YES_AGGRESSIVE;
				GCC_WARN_UNUSED_FUNCTION = YES;
				GCC_WARN_UNUSED_VARIABLE = YES;
				IPHONEOS_DEPLOYMENT_TARGET = 10.2;
				MTL_ENABLE_DEBUG_INFO = YES;
				ONLY_ACTIVE_ARCH = YES;
				SDKROOT = iphoneos;
				SWIFT_ACTIVE_COMPILATION_CONDITIONS = DEBUG;
				SWIFT_OPTIMIZATION_LEVEL = "-Onone";
				TARGETED_DEVICE_FAMILY = "1,2";
				VERSIONING_SYSTEM = "apple-generic";
				VERSION_INFO_PREFIX = "";
			};
			name = Debug;
		};
		2C5A54F11E411E1700C844C4 /* Release */ = {
			isa = XCBuildConfiguration;
			buildSettings = {
				ALWAYS_SEARCH_USER_PATHS = NO;
				CLANG_ANALYZER_NONNULL = YES;
				CLANG_CXX_LANGUAGE_STANDARD = "gnu++0x";
				CLANG_CXX_LIBRARY = "libc++";
				CLANG_ENABLE_MODULES = YES;
				CLANG_ENABLE_OBJC_ARC = YES;
				CLANG_WARN_BOOL_CONVERSION = YES;
				CLANG_WARN_CONSTANT_CONVERSION = YES;
				CLANG_WARN_DIRECT_OBJC_ISA_USAGE = YES_ERROR;
				CLANG_WARN_DOCUMENTATION_COMMENTS = YES;
				CLANG_WARN_EMPTY_BODY = YES;
				CLANG_WARN_ENUM_CONVERSION = YES;
				CLANG_WARN_INFINITE_RECURSION = YES;
				CLANG_WARN_INT_CONVERSION = YES;
				CLANG_WARN_OBJC_ROOT_CLASS = YES_ERROR;
				CLANG_WARN_SUSPICIOUS_MOVE = YES;
				CLANG_WARN_UNREACHABLE_CODE = YES;
				CLANG_WARN__DUPLICATE_METHOD_MATCH = YES;
				"CODE_SIGN_IDENTITY[sdk=iphoneos*]" = "iPhone Developer";
				COPY_PHASE_STRIP = NO;
				CURRENT_PROJECT_VERSION = 1;
				DEBUG_INFORMATION_FORMAT = "dwarf-with-dsym";
				ENABLE_NS_ASSERTIONS = NO;
				ENABLE_STRICT_OBJC_MSGSEND = YES;
				GCC_C_LANGUAGE_STANDARD = gnu99;
				GCC_NO_COMMON_BLOCKS = YES;
				GCC_WARN_64_TO_32_BIT_CONVERSION = YES;
				GCC_WARN_ABOUT_RETURN_TYPE = YES_ERROR;
				GCC_WARN_UNDECLARED_SELECTOR = YES;
				GCC_WARN_UNINITIALIZED_AUTOS = YES_AGGRESSIVE;
				GCC_WARN_UNUSED_FUNCTION = YES;
				GCC_WARN_UNUSED_VARIABLE = YES;
				IPHONEOS_DEPLOYMENT_TARGET = 10.2;
				MTL_ENABLE_DEBUG_INFO = NO;
				SDKROOT = iphoneos;
				SWIFT_OPTIMIZATION_LEVEL = "-Owholemodule";
				TARGETED_DEVICE_FAMILY = "1,2";
				VALIDATE_PRODUCT = YES;
				VERSIONING_SYSTEM = "apple-generic";
				VERSION_INFO_PREFIX = "";
			};
			name = Release;
		};
		2C5A54F31E411E1700C844C4 /* Debug */ = {
			isa = XCBuildConfiguration;
			baseConfigurationReference = 6B4D586313487274503111B3 /* Pods-ConnectMusics.debug.xcconfig */;
			buildSettings = {
				CLANG_ENABLE_MODULES = YES;
				CODE_SIGN_IDENTITY = "";
				DEFINES_MODULE = YES;
				DEVELOPMENT_TEAM = D4GMNKX6R5;
				DYLIB_COMPATIBILITY_VERSION = 1;
				DYLIB_CURRENT_VERSION = 1;
				DYLIB_INSTALL_NAME_BASE = "@rpath";
				INFOPLIST_FILE = ConnectMusics/Info.plist;
				INSTALL_PATH = "$(LOCAL_LIBRARY_DIR)/Frameworks";
				LD_RUNPATH_SEARCH_PATHS = "$(inherited) @executable_path/Frameworks @loader_path/Frameworks";
				PRODUCT_BUNDLE_IDENTIFIER = com.github.shemana.ConnectMusics;
				PRODUCT_NAME = "$(TARGET_NAME)";
				SKIP_INSTALL = YES;
				SWIFT_OPTIMIZATION_LEVEL = "-Onone";
				SWIFT_VERSION = 3.0;
			};
			name = Debug;
		};
		2C5A54F41E411E1700C844C4 /* Release */ = {
			isa = XCBuildConfiguration;
			baseConfigurationReference = DC9C1B5899F0013949C9D4F4 /* Pods-ConnectMusics.release.xcconfig */;
			buildSettings = {
				CLANG_ENABLE_MODULES = YES;
				CODE_SIGN_IDENTITY = "";
				DEFINES_MODULE = YES;
				DEVELOPMENT_TEAM = D4GMNKX6R5;
				DYLIB_COMPATIBILITY_VERSION = 1;
				DYLIB_CURRENT_VERSION = 1;
				DYLIB_INSTALL_NAME_BASE = "@rpath";
				INFOPLIST_FILE = ConnectMusics/Info.plist;
				INSTALL_PATH = "$(LOCAL_LIBRARY_DIR)/Frameworks";
				LD_RUNPATH_SEARCH_PATHS = "$(inherited) @executable_path/Frameworks @loader_path/Frameworks";
				PRODUCT_BUNDLE_IDENTIFIER = com.github.shemana.ConnectMusics;
				PRODUCT_NAME = "$(TARGET_NAME)";
				SKIP_INSTALL = YES;
				SWIFT_VERSION = 3.0;
			};
			name = Release;
		};
		2C5A54F61E411E1700C844C4 /* Debug */ = {
			isa = XCBuildConfiguration;
			baseConfigurationReference = A50584BF884F6B11A9A502AA /* Pods-ConnectMusicsTests.debug.xcconfig */;
			buildSettings = {
				ALWAYS_EMBED_SWIFT_STANDARD_LIBRARIES = YES;
				DEVELOPMENT_TEAM = D4GMNKX6R5;
				INFOPLIST_FILE = ConnectMusicsTests/Info.plist;
				LD_RUNPATH_SEARCH_PATHS = "$(inherited) @executable_path/Frameworks @loader_path/Frameworks";
				PRODUCT_BUNDLE_IDENTIFIER = com.github.shemana.ConnectMusicsTests;
				PRODUCT_NAME = "$(TARGET_NAME)";
				SWIFT_VERSION = 3.0;
			};
			name = Debug;
		};
		2C5A54F71E411E1700C844C4 /* Release */ = {
			isa = XCBuildConfiguration;
			baseConfigurationReference = B76AD8215ABFBEDB4CE65971 /* Pods-ConnectMusicsTests.release.xcconfig */;
			buildSettings = {
				ALWAYS_EMBED_SWIFT_STANDARD_LIBRARIES = YES;
				DEVELOPMENT_TEAM = D4GMNKX6R5;
				INFOPLIST_FILE = ConnectMusicsTests/Info.plist;
				LD_RUNPATH_SEARCH_PATHS = "$(inherited) @executable_path/Frameworks @loader_path/Frameworks";
				PRODUCT_BUNDLE_IDENTIFIER = com.github.shemana.ConnectMusicsTests;
				PRODUCT_NAME = "$(TARGET_NAME)";
				SWIFT_VERSION = 3.0;
			};
			name = Release;
		};
/* End XCBuildConfiguration section */

/* Begin XCConfigurationList section */
		2C5A54D81E411E1600C844C4 /* Build configuration list for PBXProject "ConnectMusics" */ = {
			isa = XCConfigurationList;
			buildConfigurations = (
				2C5A54F01E411E1700C844C4 /* Debug */,
				2C5A54F11E411E1700C844C4 /* Release */,
			);
			defaultConfigurationIsVisible = 0;
			defaultConfigurationName = Release;
		};
		2C5A54F21E411E1700C844C4 /* Build configuration list for PBXNativeTarget "ConnectMusics" */ = {
			isa = XCConfigurationList;
			buildConfigurations = (
				2C5A54F31E411E1700C844C4 /* Debug */,
				2C5A54F41E411E1700C844C4 /* Release */,
			);
			defaultConfigurationIsVisible = 0;
			defaultConfigurationName = Release;
		};
		2C5A54F51E411E1700C844C4 /* Build configuration list for PBXNativeTarget "ConnectMusicsTests" */ = {
			isa = XCConfigurationList;
			buildConfigurations = (
				2C5A54F61E411E1700C844C4 /* Debug */,
				2C5A54F71E411E1700C844C4 /* Release */,
			);
			defaultConfigurationIsVisible = 0;
			defaultConfigurationName = Release;
		};
/* End XCConfigurationList section */
	};
	rootObject = 2C5A54D51E411E1600C844C4 /* Project object */;
}
